<?xml version="1.0" encoding="utf-8"?>
<Project ToolsVersion="4.0" xmlns="http://schemas.microsoft.com/developer/msbuild/2003">
  <ItemGroup>
    <Filter Include="RenewEngine">
      <UniqueIdentifier>{41c79f7f-479e-4f22-85ed-cb883ef4ca64}</UniqueIdentifier>
    </Filter>
    <Filter Include="RenewEngine\Resource Files">
      <UniqueIdentifier>{67DA6AB6-F800-4c08-8B7A-83BB121AAD01}</UniqueIdentifier>
      <Extensions>rc;ico;cur;bmp;dlg;rc2;rct;bin;rgs;gif;jpg;jpeg;jpe;resx;tiff;tif;png;wav;mfcribbon-ms</Extensions>
    </Filter>
    <Filter Include="RenewEngine\Source Files">
      <UniqueIdentifier>{4FC737F1-C7A5-4376-A066-2A32D752A2FF}</UniqueIdentifier>
      <Extensions>cpp;c;cc;cxx;c++;cppm;ixx;def;odl;idl;hpj;bat;asm;asmx</Extensions>
    </Filter>
    <Filter Include="RenewEngine\Source Files\Core">
      <UniqueIdentifier>{a72699a6-9ceb-4d9b-84d5-9a1d706d9755}</UniqueIdentifier>
    </Filter>
    <Filter Include="RenewEngine\Source Files\Rendering">
      <UniqueIdentifier>{2e686ca9-1f82-45ae-a461-fafe58d9a735}</UniqueIdentifier>
    </Filter>
    <Filter Include="RenewEngine\Source Files\Engine">
      <UniqueIdentifier>{a4dc4aed-75e4-454a-938f-514661145660}</UniqueIdentifier>
    </Filter>
    <Filter Include="RenewEngine\Header Files">
      <UniqueIdentifier>{93995380-89BD-4b04-88EB-625FBE52EBFB}</UniqueIdentifier>
      <Extensions>h;hh;hpp;hxx;h++;hm;inl;inc;ipp;xsd</Extensions>
    </Filter>
    <Filter Include="RenewEngine\Header Files\Core">
      <UniqueIdentifier>{258bee53-3791-488f-a854-4240c1cf84cc}</UniqueIdentifier>
    </Filter>
    <Filter Include="RenewEngine\Header Files\Rendering">
      <UniqueIdentifier>{83967d7e-48df-48f0-b01c-5f28bc610c26}</UniqueIdentifier>
    </Filter>
    <Filter Include="RenewEngine\Header Files\Engine">
      <UniqueIdentifier>{c8e76190-bb6f-42ba-be83-b99d27335d24}</UniqueIdentifier>
    </Filter>
    <Filter Include="RenewEngine\Header Files\Factories">
      <UniqueIdentifier>{a9bd016d-0006-472c-abbd-f114aaa6d2b2}</UniqueIdentifier>
    </Filter>
    <Filter Include="RenewEngine\Public">
      <UniqueIdentifier>{4db67c7d-3b02-49d2-a48e-e51eac4da246}</UniqueIdentifier>
    </Filter>
  </ItemGroup>
  <ItemGroup>
    <ClCompile Include="main.cpp" />
    <ClCompile Include="Engine.cpp">
      <Filter>RenewEngine\Source Files\Core</Filter>
    </ClCompile>
    <ClCompile Include="RenewWindow.cpp">
      <Filter>RenewEngine\Source Files\Core</Filter>
    </ClCompile>
    <ClCompile Include="Renderer.cpp">
      <Filter>RenewEngine\Source Files\Core</Filter>
    </ClCompile>
    <ClCompile Include="UploadBuffer.cpp">
      <Filter>RenewEngine\Source Files</Filter>
    </ClCompile>
    <ClCompile Include="JobSystem.cpp">
      <Filter>RenewEngine\Source Files\Core</Filter>
    </ClCompile>
    <ClCompile Include="VertexBuffer.cpp">
      <Filter>RenewEngine\Source Files\Rendering</Filter>
    </ClCompile>
    <ClCompile Include="IndexBuffer.cpp">
      <Filter>RenewEngine\Source Files\Rendering</Filter>
    </ClCompile>
    <ClCompile Include="Shader.cpp">
      <Filter>RenewEngine\Source Files\Rendering</Filter>
    </ClCompile>
    <ClCompile Include="PSOManager.cpp">
      <Filter>RenewEngine\Source Files\Rendering</Filter>
    </ClCompile>
    <ClCompile Include="GameObject.cpp">
      <Filter>RenewEngine\Source Files\Engine</Filter>
    </ClCompile>
    <ClCompile Include="Material.cpp">
      <Filter>RenewEngine\Source Files\Rendering</Filter>
    </ClCompile>
    <ClCompile Include="ConstantBuffer.cpp">
      <Filter>RenewEngine\Source Files\Rendering</Filter>
    </ClCompile>
    <ClCompile Include="Object.cpp">
      <Filter>RenewEngine\Source Files\Engine</Filter>
    </ClCompile>
    <ClCompile Include="Camera.cpp">
      <Filter>RenewEngine\Source Files\Engine</Filter>
    </ClCompile>
    <ClCompile Include="VertexShader.cpp">
      <Filter>RenewEngine\Source Files</Filter>
    </ClCompile>
    <ClCompile Include="DX12Context.cpp">
      <Filter>RenewEngine\Source Files\Core</Filter>
    </ClCompile>
    <ClCompile Include="Input.cpp">
      <Filter>RenewEngine\Source Files\Core</Filter>
    </ClCompile>
  </ItemGroup>
  <ItemGroup>
    <ClInclude Include="Helper.h">
      <Filter>RenewEngine\Header Files</Filter>
    </ClInclude>
    <ClInclude Include="RenewWindow.h">
      <Filter>RenewEngine\Header Files\Core</Filter>
    </ClInclude>
    <ClInclude Include="Engine.h">
      <Filter>RenewEngine\Header Files\Core</Filter>
    </ClInclude>
    <ClInclude Include="Renderer.h">
      <Filter>RenewEngine\Header Files\Core</Filter>
    </ClInclude>
    <ClInclude Include="UploadBuffer.h">
      <Filter>RenewEngine\Header Files</Filter>
    </ClInclude>
    <ClInclude Include="JobSystem.h">
      <Filter>RenewEngine\Header Files\Core</Filter>
    </ClInclude>
    <ClInclude Include="Models.h">
      <Filter>RenewEngine\Resource Files</Filter>
    </ClInclude>
    <ClInclude Include="ResourceBase.h">
      <Filter>RenewEngine\Header Files\Rendering</Filter>
    </ClInclude>
    <ClInclude Include="IndexBuffer.h">
      <Filter>RenewEngine\Header Files\Rendering</Filter>
    </ClInclude>
    <ClInclude Include="VertexBuffer.h">
      <Filter>RenewEngine\Header Files\Rendering</Filter>
    </ClInclude>
    <ClInclude Include="Shader.h">
      <Filter>RenewEngine\Header Files\Rendering</Filter>
    </ClInclude>
    <ClInclude Include="PSODesc.h">
      <Filter>RenewEngine\Header Files\Rendering</Filter>
    </ClInclude>
    <ClInclude Include="PSOManager.h">
      <Filter>RenewEngine\Header Files\Rendering</Filter>
    </ClInclude>
    <ClInclude Include="GameObject.h">
      <Filter>RenewEngine\Header Files\Engine</Filter>
    </ClInclude>
    <ClInclude Include="Material.h">
      <Filter>RenewEngine\Header Files\Rendering</Filter>
    </ClInclude>
    <ClInclude Include="Camera.h">
      <Filter>RenewEngine\Header Files\Engine</Filter>
    </ClInclude>
    <ClInclude Include="ConstantBuffer.h">
      <Filter>RenewEngine\Header Files\Rendering</Filter>
    </ClInclude>
    <ClInclude Include="Object.h">
      <Filter>RenewEngine\Header Files\Engine</Filter>
    </ClInclude>
    <ClInclude Include="VertexShader.h">
      <Filter>RenewEngine\Header Files\Rendering</Filter>
    </ClInclude>
    <ClInclude Include="DX12Context.h">
      <Filter>RenewEngine\Header Files\Core</Filter>
    </ClInclude>
    <ClInclude Include="Input.h">
      <Filter>RenewEngine\Header Files\Engine</Filter>
    </ClInclude>
    <ClInclude Include="CameraComponent.h">
      <Filter>RenewEngine\Header Files</Filter>
    </ClInclude>
    <ClInclude Include="IComponent.h">
      <Filter>RenewEngine\Header Files</Filter>
    </ClInclude>
    <ClInclude Include="PLevel.h">
      <Filter>RenewEngine\Public</Filter>
    </ClInclude>
    <ClInclude Include="PObject.h">
      <Filter>RenewEngine\Public</Filter>
    </ClInclude>
    <ClInclude Include="PEngine.h">
      <Filter>RenewEngine\Public</Filter>
    </ClInclude>
    <ClInclude Include="RenewEngine.h">
      <Filter>RenewEngine\Public</Filter>
    </ClInclude>
  </ItemGroup>
  <ItemGroup>
    <FxCompile Include="PixelShader.hlsl">
      <Filter>RenewEngine\Resource Files</Filter>
    </FxCompile>
    <FxCompile Include="VertexShader.hlsl">
      <Filter>RenewEngine\Resource Files</Filter>
    </FxCompile>
  </ItemGroup>
</Project>